{
  "name": "gun-test",
  "version": "1.0.0",
  "lockfileVersion": 1,
  "requires": true,
  "dependencies": {
    "systeminformation": {
      "version": "4.23.8",
      "resolved": "https://registry.npmjs.org/systeminformation/-/systeminformation-4.23.8.tgz",
      "integrity": "sha512-PA8i1KCJ42LQ6Om0NLRyoShnD7Rj837mEck8WaQKnPUtwc0YurwlgX5/YTxYepL9DCXUYEw1tVployj2VUXGYQ=="
    },
    "ws": {
      "version": "7.2.5",
      "resolved": "https://registry.npmjs.org/ws/-/ws-7.2.5.tgz",
      "integrity": "sha512-C34cIU4+DB2vMyAbmEKossWq2ZQDr6QEyuuCzWrM9zfw1sGc0mYiJ0UnG9zzNykt49C2Fi34hvr2vssFQRS6EA=="
    }
  }
}
